
Microsoft Visual Studio Solution File, Format Version 12.00
# Visual Studio 15
VisualStudioVersion = 15.0.27130.2010
MinimumVisualStudioVersion = 10.0.40219.1
Project("{FAE04EC0-301F-11D3-BF4B-00C04F79EFBC}") = "STA", "STA\STA.csproj", "{A40FE5C7-289C-4EEA-9398-376A58C14B6E}"
EndProject
Global
	GlobalSection(SolutionConfigurationPlatforms) = preSolution
		Debug|Any CPU = Debug|Any CPU
		Release|Any CPU = Release|Any CPU
	EndGlobalSection
	GlobalSection(ProjectConfigurationPlatforms) = postSolution
		{A40FE5C7-289C-4EEA-9398-376A58C14B6E}.Debug|Any CPU.ActiveCfg = Debug|Any CPU
		{A40FE5C7-289C-4EEA-9398-376A58C14B6E}.Debug|Any CPU.Build.0 = Debug|Any CPU
		{A40FE5C7-289C-4EEA-9398-376A58C14B6E}.Release|Any CPU.ActiveCfg = Release|Any CPU
		{A40FE5C7-289C-4EEA-9398-376A58C14B6E}.Release|Any CPU.Build.0 = Release|Any CPU
	EndGlobalSection
	GlobalSection(SolutionProperties) = preSolution
		HideSolutionNode = FALSE
	EndGlobalSection
	GlobalSection(ExtensibilityGlobals) = postSolution
		SolutionGuid = {A7621D10-A973-41D9-9DF6-96475CA43010}
	EndGlobalSection
EndGlobal
